// !$*UTF8*$!
{
	archiveVersion = 1;
	classes = {
	};
	objectVersion = 50;
	objects = {

/* Begin PBXBuildFile section */
		0E7A668A705E96A16FE1B7AD /* Pods_CalendarUITests.framework in Frameworks */ = {isa = PBXBuildFile; fileRef = A0DE80925623ADEA2D900A21 /* Pods_CalendarUITests.framework */; };
		5C10B80F20E2F136009081B8 /* DayDetailsViewController.swift in Sources */ = {isa = PBXBuildFile; fileRef = 5C10B80E20E2F136009081B8 /* DayDetailsViewController.swift */; };
		5C8DD7C220E1412C004DA706 /* EventFormViewController.swift in Sources */ = {isa = PBXBuildFile; fileRef = 5C8DD7C120E1412C004DA706 /* EventFormViewController.swift */; };
		5C927D3D20DEAA0C00F97FBB /* AppDelegate.swift in Sources */ = {isa = PBXBuildFile; fileRef = 5C927D3C20DEAA0C00F97FBB /* AppDelegate.swift */; };
		5C927D3F20DEAA0C00F97FBB /* ViewController.swift in Sources */ = {isa = PBXBuildFile; fileRef = 5C927D3E20DEAA0C00F97FBB /* ViewController.swift */; };
		5C927D4220DEAA0C00F97FBB /* Main.storyboard in Resources */ = {isa = PBXBuildFile; fileRef = 5C927D4020DEAA0C00F97FBB /* Main.storyboard */; };
		5C927D4420DEAA1100F97FBB /* Assets.xcassets in Resources */ = {isa = PBXBuildFile; fileRef = 5C927D4320DEAA1100F97FBB /* Assets.xcassets */; };
		5C927D4720DEAA1100F97FBB /* LaunchScreen.storyboard in Resources */ = {isa = PBXBuildFile; fileRef = 5C927D4520DEAA1100F97FBB /* LaunchScreen.storyboard */; };
		5C927D5220DEAA1100F97FBB /* CalendarTests.swift in Sources */ = {isa = PBXBuildFile; fileRef = 5C927D5120DEAA1100F97FBB /* CalendarTests.swift */; };
		5C927D5D20DEAA1100F97FBB /* CalendarUITests.swift in Sources */ = {isa = PBXBuildFile; fileRef = 5C927D5C20DEAA1100F97FBB /* CalendarUITests.swift */; };
		5C927D6B20DEAE0B00F97FBB /* DayCollectionViewCell.swift in Sources */ = {isa = PBXBuildFile; fileRef = 5C927D6A20DEAE0B00F97FBB /* DayCollectionViewCell.swift */; };
		5CC9050820E181E1008C2680 /* GoogleService-Info.plist in Resources */ = {isa = PBXBuildFile; fileRef = 5CC9050720E181E1008C2680 /* GoogleService-Info.plist */; };
		5CF1E89B20E3C4B4006D2515 /* DayDetailsCollectionViewCell.swift in Sources */ = {isa = PBXBuildFile; fileRef = 5CF1E89A20E3C4B4006D2515 /* DayDetailsCollectionViewCell.swift */; };
		82AE8099784F1030C25767DB /* Pods_CalendarTests.framework in Frameworks */ = {isa = PBXBuildFile; fileRef = 0872EC71F99F1FEC29B63C7E /* Pods_CalendarTests.framework */; };
		C16BC1B22788D9C89AD0D44C /* Pods_Calendar.framework in Frameworks */ = {isa = PBXBuildFile; fileRef = DC66E765B1D5CDFA76B375B8 /* Pods_Calendar.framework */; };
/* End PBXBuildFile section */

/* Begin PBXContainerItemProxy section */
		5C927D4E20DEAA1100F97FBB /* PBXContainerItemProxy */ = {
			isa = PBXContainerItemProxy;
			containerPortal = 5C927D3120DEAA0C00F97FBB /* Project object */;
			proxyType = 1;
			remoteGlobalIDString = 5C927D3820DEAA0C00F97FBB;
			remoteInfo = Calendar;
		};
		5C927D5920DEAA1100F97FBB /* PBXContainerItemProxy */ = {
			isa = PBXContainerItemProxy;
			containerPortal = 5C927D3120DEAA0C00F97FBB /* Project object */;
			proxyType = 1;
			remoteGlobalIDString = 5C927D3820DEAA0C00F97FBB;
			remoteInfo = Calendar;
		};
/* End PBXContainerItemProxy section */

/* Begin PBXFileReference section */
		085228AA708954937CF2983A /* Pods-Calendar.release.xcconfig */ = {isa = PBXFileReference; includeInIndex = 1; lastKnownFileType = text.xcconfig; name = "Pods-Calendar.release.xcconfig"; path = "Pods/Target Support Files/Pods-Calendar/Pods-Calendar.release.xcconfig"; sourceTree = "<group>"; };
		0872EC71F99F1FEC29B63C7E /* Pods_CalendarTests.framework */ = {isa = PBXFileReference; explicitFileType = wrapper.framework; includeInIndex = 0; path = Pods_CalendarTests.framework; sourceTree = BUILT_PRODUCTS_DIR; };
		1835368BAA52571FDD1C5ECC /* Pods-Calendar.debug.xcconfig */ = {isa = PBXFileReference; includeInIndex = 1; lastKnownFileType = text.xcconfig; name = "Pods-Calendar.debug.xcconfig"; path = "Pods/Target Support Files/Pods-Calendar/Pods-Calendar.debug.xcconfig"; sourceTree = "<group>"; };
		3334D367EA7978A8FD9EEA35 /* Pods-CalendarUITests.debug.xcconfig */ = {isa = PBXFileReference; includeInIndex = 1; lastKnownFileType = text.xcconfig; name = "Pods-CalendarUITests.debug.xcconfig"; path = "Pods/Target Support Files/Pods-CalendarUITests/Pods-CalendarUITests.debug.xcconfig"; sourceTree = "<group>"; };
		5C10B80E20E2F136009081B8 /* DayDetailsViewController.swift */ = {isa = PBXFileReference; lastKnownFileType = sourcecode.swift; path = DayDetailsViewController.swift; sourceTree = "<group>"; };
		5C8DD7C120E1412C004DA706 /* EventFormViewController.swift */ = {isa = PBXFileReference; lastKnownFileType = sourcecode.swift; path = EventFormViewController.swift; sourceTree = "<group>"; };
		5C927D3920DEAA0C00F97FBB /* Calendar.app */ = {isa = PBXFileReference; explicitFileType = wrapper.application; includeInIndex = 0; path = Calendar.app; sourceTree = BUILT_PRODUCTS_DIR; };
		5C927D3C20DEAA0C00F97FBB /* AppDelegate.swift */ = {isa = PBXFileReference; lastKnownFileType = sourcecode.swift; path = AppDelegate.swift; sourceTree = "<group>"; };
		5C927D3E20DEAA0C00F97FBB /* ViewController.swift */ = {isa = PBXFileReference; lastKnownFileType = sourcecode.swift; path = ViewController.swift; sourceTree = "<group>"; };
		5C927D4120DEAA0C00F97FBB /* Base */ = {isa = PBXFileReference; lastKnownFileType = file.storyboard; name = Base; path = Base.lproj/Main.storyboard; sourceTree = "<group>"; };
		5C927D4320DEAA1100F97FBB /* Assets.xcassets */ = {isa = PBXFileReference; lastKnownFileType = folder.assetcatalog; path = Assets.xcassets; sourceTree = "<group>"; };
		5C927D4620DEAA1100F97FBB /* Base */ = {isa = PBXFileReference; lastKnownFileType = file.storyboard; name = Base; path = Base.lproj/LaunchScreen.storyboard; sourceTree = "<group>"; };
		5C927D4820DEAA1100F97FBB /* Info.plist */ = {isa = PBXFileReference; lastKnownFileType = text.plist.xml; path = Info.plist; sourceTree = "<group>"; };
		5C927D4D20DEAA1100F97FBB /* CalendarTests.xctest */ = {isa = PBXFileReference; explicitFileType = wrapper.cfbundle; includeInIndex = 0; path = CalendarTests.xctest; sourceTree = BUILT_PRODUCTS_DIR; };
		5C927D5120DEAA1100F97FBB /* CalendarTests.swift */ = {isa = PBXFileReference; lastKnownFileType = sourcecode.swift; path = CalendarTests.swift; sourceTree = "<group>"; };
		5C927D5320DEAA1100F97FBB /* Info.plist */ = {isa = PBXFileReference; lastKnownFileType = text.plist.xml; path = Info.plist; sourceTree = "<group>"; };
		5C927D5820DEAA1100F97FBB /* CalendarUITests.xctest */ = {isa = PBXFileReference; explicitFileType = wrapper.cfbundle; includeInIndex = 0; path = CalendarUITests.xctest; sourceTree = BUILT_PRODUCTS_DIR; };
		5C927D5C20DEAA1100F97FBB /* CalendarUITests.swift */ = {isa = PBXFileReference; lastKnownFileType = sourcecode.swift; path = CalendarUITests.swift; sourceTree = "<group>"; };
		5C927D5E20DEAA1100F97FBB /* Info.plist */ = {isa = PBXFileReference; lastKnownFileType = text.plist.xml; path = Info.plist; sourceTree = "<group>"; };
		5C927D6A20DEAE0B00F97FBB /* DayCollectionViewCell.swift */ = {isa = PBXFileReference; lastKnownFileType = sourcecode.swift; path = DayCollectionViewCell.swift; sourceTree = "<group>"; };
		5CC9050720E181E1008C2680 /* GoogleService-Info.plist */ = {isa = PBXFileReference; fileEncoding = 4; lastKnownFileType = text.plist.xml; path = "GoogleService-Info.plist"; sourceTree = "<group>"; };
		5CF1E89A20E3C4B4006D2515 /* DayDetailsCollectionViewCell.swift */ = {isa = PBXFileReference; lastKnownFileType = sourcecode.swift; path = DayDetailsCollectionViewCell.swift; sourceTree = "<group>"; };
		8447EC33A8668565FAB3D1BD /* Pods-CalendarTests.release.xcconfig */ = {isa = PBXFileReference; includeInIndex = 1; lastKnownFileType = text.xcconfig; name = "Pods-CalendarTests.release.xcconfig"; path = "Pods/Target Support Files/Pods-CalendarTests/Pods-CalendarTests.release.xcconfig"; sourceTree = "<group>"; };
		A0DE80925623ADEA2D900A21 /* Pods_CalendarUITests.framework */ = {isa = PBXFileReference; explicitFileType = wrapper.framework; includeInIndex = 0; path = Pods_CalendarUITests.framework; sourceTree = BUILT_PRODUCTS_DIR; };
		C95772DFAC418A6C038BA55D /* Pods-CalendarUITests.release.xcconfig */ = {isa = PBXFileReference; includeInIndex = 1; lastKnownFileType = text.xcconfig; name = "Pods-CalendarUITests.release.xcconfig"; path = "Pods/Target Support Files/Pods-CalendarUITests/Pods-CalendarUITests.release.xcconfig"; sourceTree = "<group>"; };
		CF284F65ED4D51964107FA5C /* Pods-CalendarTests.debug.xcconfig */ = {isa = PBXFileReference; includeInIndex = 1; lastKnownFileType = text.xcconfig; name = "Pods-CalendarTests.debug.xcconfig"; path = "Pods/Target Support Files/Pods-CalendarTests/Pods-CalendarTests.debug.xcconfig"; sourceTree = "<group>"; };
		DC66E765B1D5CDFA76B375B8 /* Pods_Calendar.framework */ = {isa = PBXFileReference; explicitFileType = wrapper.framework; includeInIndex = 0; path = Pods_Calendar.framework; sourceTree = BUILT_PRODUCTS_DIR; };
/* End PBXFileReference section */

/* Begin PBXFrameworksBuildPhase section */
		5C927D3620DEAA0C00F97FBB /* Frameworks */ = {
			isa = PBXFrameworksBuildPhase;
			buildActionMask = 2147483647;
			files = (
				C16BC1B22788D9C89AD0D44C /* Pods_Calendar.framework in Frameworks */,
			);
			runOnlyForDeploymentPostprocessing = 0;
		};
		5C927D4A20DEAA1100F97FBB /* Frameworks */ = {
			isa = PBXFrameworksBuildPhase;
			buildActionMask = 2147483647;
			files = (
				82AE8099784F1030C25767DB /* Pods_CalendarTests.framework in Frameworks */,
			);
			runOnlyForDeploymentPostprocessing = 0;
		};
		5C927D5520DEAA1100F97FBB /* Frameworks */ = {
			isa = PBXFrameworksBuildPhase;
			buildActionMask = 2147483647;
			files = (
				0E7A668A705E96A16FE1B7AD /* Pods_CalendarUITests.framework in Frameworks */,
			);
			runOnlyForDeploymentPostprocessing = 0;
		};
/* End PBXFrameworksBuildPhase section */

/* Begin PBXGroup section */
		3AB35E082BC16CDF280F2000 /* Frameworks */ = {
			isa = PBXGroup;
			children = (
				DC66E765B1D5CDFA76B375B8 /* Pods_Calendar.framework */,
				0872EC71F99F1FEC29B63C7E /* Pods_CalendarTests.framework */,
				A0DE80925623ADEA2D900A21 /* Pods_CalendarUITests.framework */,
			);
			name = Frameworks;
			sourceTree = "<group>";
		};
		5C927D3020DEAA0C00F97FBB = {
			isa = PBXGroup;
			children = (
				5C927D3B20DEAA0C00F97FBB /* Calendar */,
				5C927D5020DEAA1100F97FBB /* CalendarTests */,
				5C927D5B20DEAA1100F97FBB /* CalendarUITests */,
				5C927D3A20DEAA0C00F97FBB /* Products */,
				D32138CA2632984FE9B723E1 /* Pods */,
				3AB35E082BC16CDF280F2000 /* Frameworks */,
			);
			sourceTree = "<group>";
		};
		5C927D3A20DEAA0C00F97FBB /* Products */ = {
			isa = PBXGroup;
			children = (
				5C927D3920DEAA0C00F97FBB /* Calendar.app */,
				5C927D4D20DEAA1100F97FBB /* CalendarTests.xctest */,
				5C927D5820DEAA1100F97FBB /* CalendarUITests.xctest */,
			);
			name = Products;
			sourceTree = "<group>";
		};
		5C927D3B20DEAA0C00F97FBB /* Calendar */ = {
			isa = PBXGroup;
			children = (
				5CC9050720E181E1008C2680 /* GoogleService-Info.plist */,
				5C927D3C20DEAA0C00F97FBB /* AppDelegate.swift */,
				5C927D3E20DEAA0C00F97FBB /* ViewController.swift */,
				5C927D4020DEAA0C00F97FBB /* Main.storyboard */,
				5C927D4320DEAA1100F97FBB /* Assets.xcassets */,
				5C927D4520DEAA1100F97FBB /* LaunchScreen.storyboard */,
				5C927D4820DEAA1100F97FBB /* Info.plist */,
				5C927D6A20DEAE0B00F97FBB /* DayCollectionViewCell.swift */,
				5C8DD7C120E1412C004DA706 /* EventFormViewController.swift */,
				5C10B80E20E2F136009081B8 /* DayDetailsViewController.swift */,
				5CF1E89A20E3C4B4006D2515 /* DayDetailsCollectionViewCell.swift */,
			);
			path = Calendar;
			sourceTree = "<group>";
		};
		5C927D5020DEAA1100F97FBB /* CalendarTests */ = {
			isa = PBXGroup;
			children = (
				5C927D5120DEAA1100F97FBB /* CalendarTests.swift */,
				5C927D5320DEAA1100F97FBB /* Info.plist */,
			);
			path = CalendarTests;
			sourceTree = "<group>";
		};
		5C927D5B20DEAA1100F97FBB /* CalendarUITests */ = {
			isa = PBXGroup;
			children = (
				5C927D5C20DEAA1100F97FBB /* CalendarUITests.swift */,
				5C927D5E20DEAA1100F97FBB /* Info.plist */,
			);
			path = CalendarUITests;
			sourceTree = "<group>";
		};
		D32138CA2632984FE9B723E1 /* Pods */ = {
			isa = PBXGroup;
			children = (
				1835368BAA52571FDD1C5ECC /* Pods-Calendar.debug.xcconfig */,
				085228AA708954937CF2983A /* Pods-Calendar.release.xcconfig */,
				CF284F65ED4D51964107FA5C /* Pods-CalendarTests.debug.xcconfig */,
				8447EC33A8668565FAB3D1BD /* Pods-CalendarTests.release.xcconfig */,
				3334D367EA7978A8FD9EEA35 /* Pods-CalendarUITests.debug.xcconfig */,
				C95772DFAC418A6C038BA55D /* Pods-CalendarUITests.release.xcconfig */,
			);
			name = Pods;
			sourceTree = "<group>";
		};
/* End PBXGroup section */

/* Begin PBXNativeTarget section */
		5C927D3820DEAA0C00F97FBB /* Calendar */ = {
			isa = PBXNativeTarget;
			buildConfigurationList = 5C927D6120DEAA1100F97FBB /* Build configuration list for PBXNativeTarget "Calendar" */;
			buildPhases = (
				F1FC481DB36809B054278443 /* [CP] Check Pods Manifest.lock */,
				5C927D3520DEAA0C00F97FBB /* Sources */,
				5C927D3620DEAA0C00F97FBB /* Frameworks */,
				5C927D3720DEAA0C00F97FBB /* Resources */,
				8F0E186239195CC44C26BC9B /* [CP] Embed Pods Frameworks */,
			);
			buildRules = (
			);
			dependencies = (
			);
			name = Calendar;
			productName = Calendar;
			productReference = 5C927D3920DEAA0C00F97FBB /* Calendar.app */;
			productType = "com.apple.product-type.application";
		};
		5C927D4C20DEAA1100F97FBB /* CalendarTests */ = {
			isa = PBXNativeTarget;
			buildConfigurationList = 5C927D6420DEAA1100F97FBB /* Build configuration list for PBXNativeTarget "CalendarTests" */;
			buildPhases = (
				8CC23EC6E19460C195F35E12 /* [CP] Check Pods Manifest.lock */,
				5C927D4920DEAA1100F97FBB /* Sources */,
				5C927D4A20DEAA1100F97FBB /* Frameworks */,
				5C927D4B20DEAA1100F97FBB /* Resources */,
			);
			buildRules = (
			);
			dependencies = (
				5C927D4F20DEAA1100F97FBB /* PBXTargetDependency */,
			);
			name = CalendarTests;
			productName = CalendarTests;
			productReference = 5C927D4D20DEAA1100F97FBB /* CalendarTests.xctest */;
			productType = "com.apple.product-type.bundle.unit-test";
		};
		5C927D5720DEAA1100F97FBB /* CalendarUITests */ = {
			isa = PBXNativeTarget;
			buildConfigurationList = 5C927D6720DEAA1100F97FBB /* Build configuration list for PBXNativeTarget "CalendarUITests" */;
			buildPhases = (
				322BAC72A3FA204A1279F4D7 /* [CP] Check Pods Manifest.lock */,
				5C927D5420DEAA1100F97FBB /* Sources */,
				5C927D5520DEAA1100F97FBB /* Frameworks */,
				5C927D5620DEAA1100F97FBB /* Resources */,
			);
			buildRules = (
			);
			dependencies = (
				5C927D5A20DEAA1100F97FBB /* PBXTargetDependency */,
			);
			name = CalendarUITests;
			productName = CalendarUITests;
			productReference = 5C927D5820DEAA1100F97FBB /* CalendarUITests.xctest */;
			productType = "com.apple.product-type.bundle.ui-testing";
		};
/* End PBXNativeTarget section */

/* Begin PBXProject section */
		5C927D3120DEAA0C00F97FBB /* Project object */ = {
			isa = PBXProject;
			attributes = {
				LastSwiftUpdateCheck = 0940;
				LastUpgradeCheck = 0940;
				ORGANIZATIONNAME = "Rachel Fine";
				TargetAttributes = {
					5C927D3820DEAA0C00F97FBB = {
						CreatedOnToolsVersion = 9.4.1;
					};
					5C927D4C20DEAA1100F97FBB = {
						CreatedOnToolsVersion = 9.4.1;
						TestTargetID = 5C927D3820DEAA0C00F97FBB;
					};
					5C927D5720DEAA1100F97FBB = {
						CreatedOnToolsVersion = 9.4.1;
						TestTargetID = 5C927D3820DEAA0C00F97FBB;
					};
				};
			};
			buildConfigurationList = 5C927D3420DEAA0C00F97FBB /* Build configuration list for PBXProject "Calendar" */;
			compatibilityVersion = "Xcode 9.3";
			developmentRegion = en;
			hasScannedForEncodings = 0;
			knownRegions = (
				en,
				Base,
			);
			mainGroup = 5C927D3020DEAA0C00F97FBB;
			productRefGroup = 5C927D3A20DEAA0C00F97FBB /* Products */;
			projectDirPath = "";
			projectRoot = "";
			targets = (
				5C927D3820DEAA0C00F97FBB /* Calendar */,
				5C927D4C20DEAA1100F97FBB /* CalendarTests */,
				5C927D5720DEAA1100F97FBB /* CalendarUITests */,
			);
		};
/* End PBXProject section */

/* Begin PBXResourcesBuildPhase section */
		5C927D3720DEAA0C00F97FBB /* Resources */ = {
			isa = PBXResourcesBuildPhase;
			buildActionMask = 2147483647;
			files = (
				5C927D4720DEAA1100F97FBB /* LaunchScreen.storyboard in Resources */,
				5CC9050820E181E1008C2680 /* GoogleService-Info.plist in Resources */,
				5C927D4420DEAA1100F97FBB /* Assets.xcassets in Resources */,
				5C927D4220DEAA0C00F97FBB /* Main.storyboard in Resources */,
			);
			runOnlyForDeploymentPostprocessing = 0;
		};
		5C927D4B20DEAA1100F97FBB /* Resources */ = {
			isa = PBXResourcesBuildPhase;
			buildActionMask = 2147483647;
			files = (
			);
			runOnlyForDeploymentPostprocessing = 0;
		};
		5C927D5620DEAA1100F97FBB /* Resources */ = {
			isa = PBXResourcesBuildPhase;
			buildActionMask = 2147483647;
			files = (
			);
			runOnlyForDeploymentPostprocessing = 0;
		};
/* End PBXResourcesBuildPhase section */

/* Begin PBXShellScriptBuildPhase section */
		322BAC72A3FA204A1279F4D7 /* [CP] Check Pods Manifest.lock */ = {
			isa = PBXShellScriptBuildPhase;
			buildActionMask = 2147483647;
			files = (
			);
			inputPaths = (
				"${PODS_PODFILE_DIR_PATH}/Podfile.lock",
				"${PODS_ROOT}/Manifest.lock",
			);
			name = "[CP] Check Pods Manifest.lock";
			outputPaths = (
				"$(DERIVED_FILE_DIR)/Pods-CalendarUITests-checkManifestLockResult.txt",
			);
			runOnlyForDeploymentPostprocessing = 0;
			shellPath = /bin/sh;
			shellScript = "diff \"${PODS_PODFILE_DIR_PATH}/Podfile.lock\" \"${PODS_ROOT}/Manifest.lock\" > /dev/null\nif [ $? != 0 ] ; then\n    # print error to STDERR\n    echo \"error: The sandbox is not in sync with the Podfile.lock. Run 'pod install' or update your CocoaPods installation.\" >&2\n    exit 1\nfi\n# This output is used by Xcode 'outputs' to avoid re-running this script phase.\necho \"SUCCESS\" > \"${SCRIPT_OUTPUT_FILE_0}\"\n";
			showEnvVarsInLog = 0;
		};
		8CC23EC6E19460C195F35E12 /* [CP] Check Pods Manifest.lock */ = {
			isa = PBXShellScriptBuildPhase;
			buildActionMask = 2147483647;
			files = (
			);
			inputPaths = (
				"${PODS_PODFILE_DIR_PATH}/Podfile.lock",
				"${PODS_ROOT}/Manifest.lock",
			);
			name = "[CP] Check Pods Manifest.lock";
			outputPaths = (
				"$(DERIVED_FILE_DIR)/Pods-CalendarTests-checkManifestLockResult.txt",
			);
			runOnlyForDeploymentPostprocessing = 0;
			shellPath = /bin/sh;
			shellScript = "diff \"${PODS_PODFILE_DIR_PATH}/Podfile.lock\" \"${PODS_ROOT}/Manifest.lock\" > /dev/null\nif [ $? != 0 ] ; then\n    # print error to STDERR\n    echo \"error: The sandbox is not in sync with the Podfile.lock. Run 'pod install' or update your CocoaPods installation.\" >&2\n    exit 1\nfi\n# This output is used by Xcode 'outputs' to avoid re-running this script phase.\necho \"SUCCESS\" > \"${SCRIPT_OUTPUT_FILE_0}\"\n";
			showEnvVarsInLog = 0;
		};
		8F0E186239195CC44C26BC9B /* [CP] Embed Pods Frameworks */ = {
			isa = PBXShellScriptBuildPhase;
			buildActionMask = 2147483647;
			files = (
			);
			inputPaths = (
				"${SRCROOT}/Pods/Target Support Files/Pods-Calendar/Pods-Calendar-frameworks.sh",
				"${BUILT_PRODUCTS_DIR}/BoringSSL/openssl.framework",
				"${BUILT_PRODUCTS_DIR}/GoogleToolboxForMac/GoogleToolboxForMac.framework",
				"${BUILT_PRODUCTS_DIR}/Protobuf/Protobuf.framework",
				"${BUILT_PRODUCTS_DIR}/gRPC/GRPCClient.framework",
				"${BUILT_PRODUCTS_DIR}/gRPC-Core/grpc.framework",
				"${BUILT_PRODUCTS_DIR}/gRPC-ProtoRPC/ProtoRPC.framework",
				"${BUILT_PRODUCTS_DIR}/gRPC-RxLibrary/RxLibrary.framework",
				"${BUILT_PRODUCTS_DIR}/leveldb-library/leveldb.framework",
				"${BUILT_PRODUCTS_DIR}/nanopb/nanopb.framework",
			);
			name = "[CP] Embed Pods Frameworks";
			outputPaths = (
				"${TARGET_BUILD_DIR}/${FRAMEWORKS_FOLDER_PATH}/openssl.framework",
				"${TARGET_BUILD_DIR}/${FRAMEWORKS_FOLDER_PATH}/GoogleToolboxForMac.framework",
				"${TARGET_BUILD_DIR}/${FRAMEWORKS_FOLDER_PATH}/Protobuf.framework",
				"${TARGET_BUILD_DIR}/${FRAMEWORKS_FOLDER_PATH}/GRPCClient.framework",
				"${TARGET_BUILD_DIR}/${FRAMEWORKS_FOLDER_PATH}/grpc.framework",
				"${TARGET_BUILD_DIR}/${FRAMEWORKS_FOLDER_PATH}/ProtoRPC.framework",
				"${TARGET_BUILD_DIR}/${FRAMEWORKS_FOLDER_PATH}/RxLibrary.framework",
				"${TARGET_BUILD_DIR}/${FRAMEWORKS_FOLDER_PATH}/leveldb.framework",
				"${TARGET_BUILD_DIR}/${FRAMEWORKS_FOLDER_PATH}/nanopb.framework",
			);
			runOnlyForDeploymentPostprocessing = 0;
			shellPath = /bin/sh;
			shellScript = "\"${SRCROOT}/Pods/Target Support Files/Pods-Calendar/Pods-Calendar-frameworks.sh\"\n";
			showEnvVarsInLog = 0;
		};
		F1FC481DB36809B054278443 /* [CP] Check Pods Manifest.lock */ = {
			isa = PBXShellScriptBuildPhase;
			buildActionMask = 2147483647;
			files = (
			);
			inputPaths = (
				"${PODS_PODFILE_DIR_PATH}/Podfile.lock",
				"${PODS_ROOT}/Manifest.lock",
			);
			name = "[CP] Check Pods Manifest.lock";
			outputPaths = (
				"$(DERIVED_FILE_DIR)/Pods-Calendar-checkManifestLockResult.txt",
			);
			runOnlyForDeploymentPostprocessing = 0;
			shellPath = /bin/sh;
			shellScript = "diff \"${PODS_PODFILE_DIR_PATH}/Podfile.lock\" \"${PODS_ROOT}/Manifest.lock\" > /dev/null\nif [ $? != 0 ] ; then\n    # print error to STDERR\n    echo \"error: The sandbox is not in sync with the Podfile.lock. Run 'pod install' or update your CocoaPods installation.\" >&2\n    exit 1\nfi\n# This output is used by Xcode 'outputs' to avoid re-running this script phase.\necho \"SUCCESS\" > \"${SCRIPT_OUTPUT_FILE_0}\"\n";
			showEnvVarsInLog = 0;
		};
/* End PBXShellScriptBuildPhase section */

/* Begin PBXSourcesBuildPhase section */
		5C927D3520DEAA0C00F97FBB /* Sources */ = {
			isa = PBXSourcesBuildPhase;
			buildActionMask = 2147483647;
			files = (
				5C10B80F20E2F136009081B8 /* DayDetailsViewController.swift in Sources */,
				5C927D3F20DEAA0C00F97FBB /* ViewController.swift in Sources */,
				5C8DD7C220E1412C004DA706 /* EventFormViewController.swift in Sources */,
				5CF1E89B20E3C4B4006D2515 /* DayDetailsCollectionViewCell.swift in Sources */,
				5C927D6B20DEAE0B00F97FBB /* DayCollectionViewCell.swift in Sources */,
				5C927D3D20DEAA0C00F97FBB /* AppDelegate.swift in Sources */,
			);
			runOnlyForDeploymentPostprocessing = 0;
		};
		5C927D4920DEAA1100F97FBB /* Sources */ = {
			isa = PBXSourcesBuildPhase;
			buildActionMask = 2147483647;
			files = (
				5C927D5220DEAA1100F97FBB /* CalendarTests.swift in Sources */,
			);
			runOnlyForDeploymentPostprocessing = 0;
		};
		5C927D5420DEAA1100F97FBB /* Sources */ = {
			isa = PBXSourcesBuildPhase;
			buildActionMask = 2147483647;
			files = (
				5C927D5D20DEAA1100F97FBB /* CalendarUITests.swift in Sources */,
			);
			runOnlyForDeploymentPostprocessing = 0;
		};
/* End PBXSourcesBuildPhase section */

/* Begin PBXTargetDependency section */
		5C927D4F20DEAA1100F97FBB /* PBXTargetDependency */ = {
			isa = PBXTargetDependency;
			target = 5C927D3820DEAA0C00F97FBB /* Calendar */;
			targetProxy = 5C927D4E20DEAA1100F97FBB /* PBXContainerItemProxy */;
		};
		5C927D5A20DEAA1100F97FBB /* PBXTargetDependency */ = {
			isa = PBXTargetDependency;
			target = 5C927D3820DEAA0C00F97FBB /* Calendar */;
			targetProxy = 5C927D5920DEAA1100F97FBB /* PBXContainerItemProxy */;
		};
/* End PBXTargetDependency section */

/* Begin PBXVariantGroup section */
		5C927D4020DEAA0C00F97FBB /* Main.storyboard */ = {
			isa = PBXVariantGroup;
			children = (
				5C927D4120DEAA0C00F97FBB /* Base */,
			);
			name = Main.storyboard;
			sourceTree = "<group>";
		};
		5C927D4520DEAA1100F97FBB /* LaunchScreen.storyboard */ = {
			isa = PBXVariantGroup;
			children = (
				5C927D4620DEAA1100F97FBB /* Base */,
			);
			name = LaunchScreen.storyboard;
			sourceTree = "<group>";
		};
/* End PBXVariantGroup section */

/* Begin XCBuildConfiguration section */
		5C927D5F20DEAA1100F97FBB /* Debug */ = {
			isa = XCBuildConfiguration;
			buildSettings = {
				ALWAYS_SEARCH_USER_PATHS = NO;
				CLANG_ANALYZER_NONNULL = YES;
				CLANG_ANALYZER_NUMBER_OBJECT_CONVERSION = YES_AGGRESSIVE;
				CLANG_CXX_LANGUAGE_STANDARD = "gnu++14";
				CLANG_CXX_LIBRARY = "libc++";
				CLANG_ENABLE_MODULES = YES;
				CLANG_ENABLE_OBJC_ARC = YES;
				CLANG_ENABLE_OBJC_WEAK = YES;
				CLANG_WARN_BLOCK_CAPTURE_AUTORELEASING = YES;
				CLANG_WARN_BOOL_CONVERSION = YES;
				CLANG_WARN_COMMA = YES;
				CLANG_WARN_CONSTANT_CONVERSION = YES;
				CLANG_WARN_DEPRECATED_OBJC_IMPLEMENTATIONS = YES;
				CLANG_WARN_DIRECT_OBJC_ISA_USAGE = YES_ERROR;
				CLANG_WARN_DOCUMENTATION_COMMENTS = YES;
				CLANG_WARN_EMPTY_BODY = YES;
				CLANG_WARN_ENUM_CONVERSION = YES;
				CLANG_WARN_INFINITE_RECURSION = YES;
				CLANG_WARN_INT_CONVERSION = YES;
				CLANG_WARN_NON_LITERAL_NULL_CONVERSION = YES;
				CLANG_WARN_OBJC_IMPLICIT_RETAIN_SELF = YES;
				CLANG_WARN_OBJC_LITERAL_CONVERSION = YES;
				CLANG_WARN_OBJC_ROOT_CLASS = YES_ERROR;
				CLANG_WARN_RANGE_LOOP_ANALYSIS = YES;
				CLANG_WARN_STRICT_PROTOTYPES = YES;
				CLANG_WARN_SUSPICIOUS_MOVE = YES;
				CLANG_WARN_UNGUARDED_AVAILABILITY = YES_AGGRESSIVE;
				CLANG_WARN_UNREACHABLE_CODE = YES;
				CLANG_WARN__DUPLICATE_METHOD_MATCH = YES;
				CODE_SIGN_IDENTITY = "iPhone Developer";
				COPY_PHASE_STRIP = NO;
				DEBUG_INFORMATION_FORMAT = dwarf;
				ENABLE_STRICT_OBJC_MSGSEND = YES;
				ENABLE_TESTABILITY = YES;
				GCC_C_LANGUAGE_STANDARD = gnu11;
				GCC_DYNAMIC_NO_PIC = NO;
				GCC_NO_COMMON_BLOCKS = YES;
				GCC_OPTIMIZATION_LEVEL = 0;
				GCC_PREPROCESSOR_DEFINITIONS = (
					"DEBUG=1",
					"$(inherited)",
				);
				GCC_WARN_64_TO_32_BIT_CONVERSION = YES;
				GCC_WARN_ABOUT_RETURN_TYPE = YES_ERROR;
				GCC_WARN_UNDECLARED_SELECTOR = YES;
				GCC_WARN_UNINITIALIZED_AUTOS = YES_AGGRESSIVE;
				GCC_WARN_UNUSED_FUNCTION = YES;
				GCC_WARN_UNUSED_VARIABLE = YES;
				IPHONEOS_DEPLOYMENT_TARGET = 11.4;
				MTL_ENABLE_DEBUG_INFO = YES;
				ONLY_ACTIVE_ARCH = YES;
				SDKROOT = iphoneos;
				SWIFT_ACTIVE_COMPILATION_CONDITIONS = DEBUG;
				SWIFT_OPTIMIZATION_LEVEL = "-Onone";
			};
			name = Debug;
		};
		5C927D6020DEAA1100F97FBB /* Release */ = {
			isa = XCBuildConfiguration;
			buildSettings = {
				ALWAYS_SEARCH_USER_PATHS = NO;
				CLANG_ANALYZER_NONNULL = YES;
				CLANG_ANALYZER_NUMBER_OBJECT_CONVERSION = YES_AGGRESSIVE;
				CLANG_CXX_LANGUAGE_STANDARD = "gnu++14";
				CLANG_CXX_LIBRARY = "libc++";
				CLANG_ENABLE_MODULES = YES;
				CLANG_ENABLE_OBJC_ARC = YES;
				CLANG_ENABLE_OBJC_WEAK = YES;
				CLANG_WARN_BLOCK_CAPTURE_AUTORELEASING = YES;
				CLANG_WARN_BOOL_CONVERSION = YES;
				CLANG_WARN_COMMA = YES;
				CLANG_WARN_CONSTANT_CONVERSION = YES;
				CLANG_WARN_DEPRECATED_OBJC_IMPLEMENTATIONS = YES;
				CLANG_WARN_DIRECT_OBJC_ISA_USAGE = YES_ERROR;
				CLANG_WARN_DOCUMENTATION_COMMENTS = YES;
				CLANG_WARN_EMPTY_BODY = YES;
				CLANG_WARN_ENUM_CONVERSION = YES;
				CLANG_WARN_INFINITE_RECURSION = YES;
				CLANG_WARN_INT_CONVERSION = YES;
				CLANG_WARN_NON_LITERAL_NULL_CONVERSION = YES;
				CLANG_WARN_OBJC_IMPLICIT_RETAIN_SELF = YES;
				CLANG_WARN_OBJC_LITERAL_CONVERSION = YES;
				CLANG_WARN_OBJC_ROOT_CLASS = YES_ERROR;
				CLANG_WARN_RANGE_LOOP_ANALYSIS = YES;
				CLANG_WARN_STRICT_PROTOTYPES = YES;
				CLANG_WARN_SUSPICIOUS_MOVE = YES;
				CLANG_WARN_UNGUARDED_AVAILABILITY = YES_AGGRESSIVE;
				CLANG_WARN_UNREACHABLE_CODE = YES;
				CLANG_WARN__DUPLICATE_METHOD_MATCH = YES;
				CODE_SIGN_IDENTITY = "iPhone Developer";
				COPY_PHASE_STRIP = NO;
				DEBUG_INFORMATION_FORMAT = "dwarf-with-dsym";
				ENABLE_NS_ASSERTIONS = NO;
				ENABLE_STRICT_OBJC_MSGSEND = YES;
				GCC_C_LANGUAGE_STANDARD = gnu11;
				GCC_NO_COMMON_BLOCKS = YES;
				GCC_WARN_64_TO_32_BIT_CONVERSION = YES;
				GCC_WARN_ABOUT_RETURN_TYPE = YES_ERROR;
				GCC_WARN_UNDECLARED_SELECTOR = YES;
				GCC_WARN_UNINITIALIZED_AUTOS = YES_AGGRESSIVE;
				GCC_WARN_UNUSED_FUNCTION = YES;
				GCC_WARN_UNUSED_VARIABLE = YES;
				IPHONEOS_DEPLOYMENT_TARGET = 11.4;
				MTL_ENABLE_DEBUG_INFO = NO;
				SDKROOT = iphoneos;
				SWIFT_COMPILATION_MODE = wholemodule;
				SWIFT_OPTIMIZATION_LEVEL = "-O";
				VALIDATE_PRODUCT = YES;
			};
			name = Release;
		};
		5C927D6220DEAA1100F97FBB /* Debug */ = {
			isa = XCBuildConfiguration;
			baseConfigurationReference = 1835368BAA52571FDD1C5ECC /* Pods-Calendar.debug.xcconfig */;
			buildSettings = {
				ASSETCATALOG_COMPILER_APPICON_NAME = AppIcon;
				CODE_SIGN_STYLE = Automatic;
				DEVELOPMENT_TEAM = B89D52VXCC;
				INFOPLIST_FILE = Calendar/Info.plist;
				LD_RUNPATH_SEARCH_PATHS = (
					"$(inherited)",
					"@executable_path/Frameworks",
				);
				PRODUCT_BUNDLE_IDENTIFIER = rockycodes.Calendar;
				PRODUCT_NAME = "$(TARGET_NAME)";
				SWIFT_VERSION = 4.0;
				TARGETED_DEVICE_FAMILY = "1,2";
			};
			name = Debug;
		};
		5C927D6320DEAA1100F97FBB /* Release */ = {
			isa = XCBuildConfiguration;
			baseConfigurationReference = 085228AA708954937CF2983A /* Pods-Calendar.release.xcconfig */;
			buildSettings = {
				ASSETCATALOG_COMPILER_APPICON_NAME = AppIcon;
				CODE_SIGN_STYLE = Automatic;
				DEVELOPMENT_TEAM = B89D52VXCC;
				INFOPLIST_FILE = Calendar/Info.plist;
				LD_RUNPATH_SEARCH_PATHS = (
					"$(inherited)",
					"@executable_path/Frameworks",
				);
				PRODUCT_BUNDLE_IDENTIFIER = rockycodes.Calendar;
				PRODUCT_NAME = "$(TARGET_NAME)";
				SWIFT_VERSION = 4.0;
				TARGETED_DEVICE_FAMILY = "1,2";
			};
			name = Release;
		};
		5C927D6520DEAA1100F97FBB /* Debug */ = {
			isa = XCBuildConfiguration;
			baseConfigurationReference = CF284F65ED4D51964107FA5C /* Pods-CalendarTests.debug.xcconfig */;
			buildSettings = {
				ALWAYS_EMBED_SWIFT_STANDARD_LIBRARIES = YES;
				BUNDLE_LOADER = "$(TEST_HOST)";
				CODE_SIGN_STYLE = Automatic;
				DEVELOPMENT_TEAM = B89D52VXCC;
				INFOPLIST_FILE = CalendarTests/Info.plist;
				LD_RUNPATH_SEARCH_PATHS = (
					"$(inherited)",
					"@executable_path/Frameworks",
					"@loader_path/Frameworks",
				);
				PRODUCT_BUNDLE_IDENTIFIER = rockycodes.CalendarTests;
				PRODUCT_NAME = "$(TARGET_NAME)";
				SWIFT_VERSION = 4.0;
				TARGETED_DEVICE_FAMILY = "1,2";
				TEST_HOST = "$(BUILT_PRODUCTS_DIR)/Calendar.app/Calendar";
			};
			name = Debug;
		};
		5C927D6620DEAA1100F97FBB /* Release */ = {
			isa = XCBuildConfiguration;
			baseConfigurationReference = 8447EC33A8668565FAB3D1BD /* Pods-CalendarTests.release.xcconfig */;
			buildSettings = {
				ALWAYS_EMBED_SWIFT_STANDARD_LIBRARIES = YES;
				BUNDLE_LOADER = "$(TEST_HOST)";
				CODE_SIGN_STYLE = Automatic;
				DEVELOPMENT_TEAM = B89D52VXCC;
				INFOPLIST_FILE = CalendarTests/Info.plist;
				LD_RUNPATH_SEARCH_PATHS = (
					"$(inherited)",
					"@executable_path/Frameworks",
					"@loader_path/Frameworks",
				);
				PRODUCT_BUNDLE_IDENTIFIER = rockycodes.CalendarTests;
				PRODUCT_NAME = "$(TARGET_NAME)";
				SWIFT_VERSION = 4.0;
				TARGETED_DEVICE_FAMILY = "1,2";
				TEST_HOST = "$(BUILT_PRODUCTS_DIR)/Calendar.app/Calendar";
			};
			name = Release;
		};
		5C927D6820DEAA1100F97FBB /* Debug */ = {
			isa = XCBuildConfiguration;
			baseConfigurationReference = 3334D367EA7978A8FD9EEA35 /* Pods-CalendarUITests.debug.xcconfig */;
			buildSettings = {
				ALWAYS_EMBED_SWIFT_STANDARD_LIBRARIES = YES;
				CODE_SIGN_STYLE = Automatic;
				DEVELOPMENT_TEAM = B89D52VXCC;
				INFOPLIST_FILE = CalendarUITests/Info.plist;
				LD_RUNPATH_SEARCH_PATHS = (
					"$(inherited)",
					"@executable_path/Frameworks",
					"@loader_path/Frameworks",
				);
				PRODUCT_BUNDLE_IDENTIFIER = rockycodes.CalendarUITests;
				PRODUCT_NAME = "$(TARGET_NAME)";
				SWIFT_VERSION = 4.0;
				TARGETED_DEVICE_FAMILY = "1,2";
				TEST_TARGET_NAME = Calendar;
			};
			name = Debug;
		};
		5C927D6920DEAA1100F97FBB /* Release */ = {
			isa = XCBuildConfiguration;
			baseConfigurationReference = C95772DFAC418A6C038BA55D /* Pods-CalendarUITests.release.xcconfig */;
			buildSettings = {
				ALWAYS_EMBED_SWIFT_STANDARD_LIBRARIES = YES;
				CODE_SIGN_STYLE = Automatic;
				DEVELOPMENT_TEAM = B89D52VXCC;
				INFOPLIST_FILE = CalendarUITests/Info.plist;
				LD_RUNPATH_SEARCH_PATHS = (
					"$(inherited)",
					"@executable_path/Frameworks",
					"@loader_path/Frameworks",
				);
				PRODUCT_BUNDLE_IDENTIFIER = rockycodes.CalendarUITests;
				PRODUCT_NAME = "$(TARGET_NAME)";
				SWIFT_VERSION = 4.0;
				TARGETED_DEVICE_FAMILY = "1,2";
				TEST_TARGET_NAME = Calendar;
			};
			name = Release;
		};
/* End XCBuildConfiguration section */

/* Begin XCConfigurationList section */
		5C927D3420DEAA0C00F97FBB /* Build configuration list for PBXProject "Calendar" */ = {
			isa = XCConfigurationList;
			buildConfigurations = (
				5C927D5F20DEAA1100F97FBB /* Debug */,
				5C927D6020DEAA1100F97FBB /* Release */,
			);
			defaultConfigurationIsVisible = 0;
			defaultConfigurationName = Release;
		};
		5C927D6120DEAA1100F97FBB /* Build configuration list for PBXNativeTarget "Calendar" */ = {
			isa = XCConfigurationList;
			buildConfigurations = (
				5C927D6220DEAA1100F97FBB /* Debug */,
				5C927D6320DEAA1100F97FBB /* Release */,
			);
			defaultConfigurationIsVisible = 0;
			defaultConfigurationName = Release;
		};
		5C927D6420DEAA1100F97FBB /* Build configuration list for PBXNativeTarget "CalendarTests" */ = {
			isa = XCConfigurationList;
			buildConfigurations = (
				5C927D6520DEAA1100F97FBB /* Debug */,
				5C927D6620DEAA1100F97FBB /* Release */,
			);
			defaultConfigurationIsVisible = 0;
			defaultConfigurationName = Release;
		};
		5C927D6720DEAA1100F97FBB /* Build configuration list for PBXNativeTarget "CalendarUITests" */ = {
			isa = XCConfigurationList;
			buildConfigurations = (
				5C927D6820DEAA1100F97FBB /* Debug */,
				5C927D6920DEAA1100F97FBB /* Release */,
			);
			defaultConfigurationIsVisible = 0;
			defaultConfigurationName = Release;
		};
/* End XCConfigurationList section */
	};
	rootObject = 5C927D3120DEAA0C00F97FBB /* Project object */;
}
